
Microsoft Visual Studio Solution File, Format Version 12.00
# Visual Studio Version 17
VisualStudioVersion = 17.7.34003.232
MinimumVisualStudioVersion = 10.0.40219.1
Project("{9A19103F-16F7-4668-BE54-9A1E7A4F7556}") = "PeculiarJewelry", "PeculiarJewelry.csproj", "{5B780798-E216-4543-AE51-C6294A6C7372}"
EndProject
Global
	GlobalSection(SolutionConfigurationPlatforms) = preSolution
		Debug|Any CPU = Debug|Any CPU
		Release|Any CPU = Release|Any CPU
	EndGlobalSection
	GlobalSection(ProjectConfigurationPlatforms) = postSolution
		{5B780798-E216-4543-AE51-C6294A6C7372}.Debug|Any CPU.ActiveCfg = Debug|Any CPU
		{5B780798-E216-4543-AE51-C6294A6C7372}.Debug|Any CPU.Build.0 = Debug|Any CPU
		{5B780798-E216-4543-AE51-C6294A6C7372}.Release|Any CPU.ActiveCfg = Release|Any CPU
		{5B780798-E216-4543-AE51-C6294A6C7372}.Release|Any CPU.Build.0 = Release|Any CPU
	EndGlobalSection
	GlobalSection(SolutionProperties) = preSolution
		HideSolutionNode = FALSE
	EndGlobalSection
	GlobalSection(ExtensibilityGlobals) = postSolution
		SolutionGuid = {74BA3959-7449-41B6-9B70-C8A44F63B5E0}
	EndGlobalSection
EndGlobal
